
Microsoft Visual Studio Solution File, Format Version 12.00
# Visual Studio Version 16
VisualStudioVersion = 16.0.31205.134
MinimumVisualStudioVersion = 10.0.40219.1
Project("{9A19103F-16F7-4668-BE54-9A1E7A4F7556}") = "Intergalactic", "Intergalactic\Intergalactic.csproj", "{232B1897-DD9B-4106-AB1B-19AB0DEABB06}"
EndProject
Project("{9A19103F-16F7-4668-BE54-9A1E7A4F7556}") = "ModdingToolkit", "Assatur\Tools\ModdingToolkit\ModdingToolkit.csproj", "{47D9F644-63F8-40D7-BE14-790E1A20C1DA}"
EndProject
Global
	GlobalSection(SolutionConfigurationPlatforms) = preSolution
		Debug|Any CPU = Debug|Any CPU
		Release.User|Any CPU = Release.User|Any CPU
		Release|Any CPU = Release|Any CPU
	EndGlobalSection
	GlobalSection(ProjectConfigurationPlatforms) = postSolution
		{232B1897-DD9B-4106-AB1B-19AB0DEABB06}.Debug|Any CPU.ActiveCfg = Debug|Any CPU
		{232B1897-DD9B-4106-AB1B-19AB0DEABB06}.Debug|Any CPU.Build.0 = Debug|Any CPU
		{232B1897-DD9B-4106-AB1B-19AB0DEABB06}.Release.User|Any CPU.ActiveCfg = Release|Any CPU
		{232B1897-DD9B-4106-AB1B-19AB0DEABB06}.Release.User|Any CPU.Build.0 = Release|Any CPU
		{232B1897-DD9B-4106-AB1B-19AB0DEABB06}.Release|Any CPU.ActiveCfg = Release|Any CPU
		{232B1897-DD9B-4106-AB1B-19AB0DEABB06}.Release|Any CPU.Build.0 = Release|Any CPU
		{47D9F644-63F8-40D7-BE14-790E1A20C1DA}.Debug|Any CPU.ActiveCfg = Debug|Any CPU
		{47D9F644-63F8-40D7-BE14-790E1A20C1DA}.Debug|Any CPU.Build.0 = Debug|Any CPU
		{47D9F644-63F8-40D7-BE14-790E1A20C1DA}.Release.User|Any CPU.ActiveCfg = Release.User|Any CPU
		{47D9F644-63F8-40D7-BE14-790E1A20C1DA}.Release.User|Any CPU.Build.0 = Release.User|Any CPU
		{47D9F644-63F8-40D7-BE14-790E1A20C1DA}.Release|Any CPU.ActiveCfg = Release|Any CPU
		{47D9F644-63F8-40D7-BE14-790E1A20C1DA}.Release|Any CPU.Build.0 = Release|Any CPU
	EndGlobalSection
	GlobalSection(SolutionProperties) = preSolution
		HideSolutionNode = FALSE
	EndGlobalSection
	GlobalSection(ExtensibilityGlobals) = postSolution
		SolutionGuid = {679586FE-0D9F-4EDD-935E-73EAE73B16D3}
	EndGlobalSection
EndGlobal
